// !$*UTF8*$!
{
	archiveVersion = 1;
	classes = {
	};
	objectVersion = 54;
	objects = {

/* Begin PBXBuildFile section */
		6203169C232E9C740065ADE9 /* FeedTableViewCell.xib in Resources */ = {isa = PBXBuildFile; fileRef = 6203169B232E9C740065ADE9 /* FeedTableViewCell.xib */; };
		6203169E232E9CF30065ADE9 /* FeedTableViewCell.swift in Sources */ = {isa = PBXBuildFile; fileRef = 6203169D232E9CF30065ADE9 /* FeedTableViewCell.swift */; };
		6204CC5526E298F5000611E1 /* Const.swift in Sources */ = {isa = PBXBuildFile; fileRef = 624D4E5D26DE5AA800921FE3 /* Const.swift */; };
		6204CC5A26E299C2000611E1 /* ContentManager.swift in Sources */ = {isa = PBXBuildFile; fileRef = 6204CC5926E299C2000611E1 /* ContentManager.swift */; };
		6204CC5C26E29B28000611E1 /* ContentRequest.swift in Sources */ = {isa = PBXBuildFile; fileRef = 6204CC5B26E29B28000611E1 /* ContentRequest.swift */; };
		6204CC5D26E29B2B000611E1 /* ContentRequest.swift in Sources */ = {isa = PBXBuildFile; fileRef = 6204CC5B26E29B28000611E1 /* ContentRequest.swift */; };
		6221558C232B79B900DD4AB4 /* AppDelegate.swift in Sources */ = {isa = PBXBuildFile; fileRef = 6221558B232B79B900DD4AB4 /* AppDelegate.swift */; };
		6221558E232B79B900DD4AB4 /* ViewController.swift in Sources */ = {isa = PBXBuildFile; fileRef = 6221558D232B79B900DD4AB4 /* ViewController.swift */; };
		62215591232B79B900DD4AB4 /* Main.storyboard in Resources */ = {isa = PBXBuildFile; fileRef = 6221558F232B79B900DD4AB4 /* Main.storyboard */; };
		62215594232B79B900DD4AB4 /* Shiori.xcdatamodeld in Sources */ = {isa = PBXBuildFile; fileRef = 62215592232B79B900DD4AB4 /* Shiori.xcdatamodeld */; };
		62215596232B79BA00DD4AB4 /* Assets.xcassets in Resources */ = {isa = PBXBuildFile; fileRef = 62215595232B79BA00DD4AB4 /* Assets.xcassets */; };
		62215599232B79BA00DD4AB4 /* LaunchScreen.storyboard in Resources */ = {isa = PBXBuildFile; fileRef = 62215597232B79BA00DD4AB4 /* LaunchScreen.storyboard */; };
		622155A7232B7A2F00DD4AB4 /* ShareViewController.swift in Sources */ = {isa = PBXBuildFile; fileRef = 622155A6232B7A2F00DD4AB4 /* ShareViewController.swift */; };
		622155AA232B7A2F00DD4AB4 /* MainInterface.storyboard in Resources */ = {isa = PBXBuildFile; fileRef = 622155A8232B7A2F00DD4AB4 /* MainInterface.storyboard */; };
		622155AE232B7A2F00DD4AB4 /* Share.appex in Embed App Extensions */ = {isa = PBXBuildFile; fileRef = 622155A4232B7A2E00DD4AB4 /* Share.appex */; settings = {ATTRIBUTES = (RemoveHeadersOnCopy, ); }; };
		622155B6232B944200DD4AB4 /* GetData.js in Resources */ = {isa = PBXBuildFile; fileRef = 622155B5232B944200DD4AB4 /* GetData.js */; };
		622155B8232CBF8400DD4AB4 /* WebViewController.swift in Sources */ = {isa = PBXBuildFile; fileRef = 622155B7232CBF8400DD4AB4 /* WebViewController.swift */; };
		6226B08724610B1200A5E541 /* SubTableViewController.swift in Sources */ = {isa = PBXBuildFile; fileRef = 6226B08624610B1200A5E541 /* SubTableViewController.swift */; };
		6226B0892461172100A5E541 /* delete.png in Resources */ = {isa = PBXBuildFile; fileRef = 6226B0882461172100A5E541 /* delete.png */; };
		6226B08B24611DB500A5E541 /* garbage.png in Resources */ = {isa = PBXBuildFile; fileRef = 6226B08A24611DB400A5E541 /* garbage.png */; };
		622DA52F245D7EE1001FDFEE /* Localizable.strings in Resources */ = {isa = PBXBuildFile; fileRef = 622DA532245D7EE1001FDFEE /* Localizable.strings */; };
		622DA530245D7EE1001FDFEE /* Localizable.strings in Resources */ = {isa = PBXBuildFile; fileRef = 622DA532245D7EE1001FDFEE /* Localizable.strings */; };
		622DA536245D7F0A001FDFEE /* Localizable.strings in Resources */ = {isa = PBXBuildFile; fileRef = 622DA539245D7F0A001FDFEE /* Localizable.strings */; };
		622DA537245D7F0A001FDFEE /* Localizable.strings in Resources */ = {isa = PBXBuildFile; fileRef = 622DA539245D7F0A001FDFEE /* Localizable.strings */; };
		624411012334EA6300C1C411 /* CustomActivity.swift in Sources */ = {isa = PBXBuildFile; fileRef = 624411002334EA6300C1C411 /* CustomActivity.swift */; };
		624AAFE32461AA3F00265D71 /* SelectFolderTableViewController.swift in Sources */ = {isa = PBXBuildFile; fileRef = 624AAFE22461AA3F00265D71 /* SelectFolderTableViewController.swift */; };
		624D4E5C26DE55C100921FE3 /* ContentListManager.swift in Sources */ = {isa = PBXBuildFile; fileRef = 624D4E5B26DE55C100921FE3 /* ContentListManager.swift */; };
		624D4E5E26DE5AA800921FE3 /* Const.swift in Sources */ = {isa = PBXBuildFile; fileRef = 624D4E5D26DE5AA800921FE3 /* Const.swift */; };
		624D4E6026DE5D6A00921FE3 /* ContentListResponse.swift in Sources */ = {isa = PBXBuildFile; fileRef = 624D4E5F26DE5D6A00921FE3 /* ContentListResponse.swift */; };
		624D4E6226DE806300921FE3 /* Content.swift in Sources */ = {isa = PBXBuildFile; fileRef = 624D4E6126DE806300921FE3 /* Content.swift */; };
		624FE69623321297004E271B /* GoogleService-Info.plist in Resources */ = {isa = PBXBuildFile; fileRef = 624FE69523321297004E271B /* GoogleService-Info.plist */; };
		624FE69723321297004E271B /* GoogleService-Info.plist in Resources */ = {isa = PBXBuildFile; fileRef = 624FE69523321297004E271B /* GoogleService-Info.plist */; };
		624FE69F233228A3004E271B /* IMG_3203.jpg in Resources */ = {isa = PBXBuildFile; fileRef = 624FE69D233228A2004E271B /* IMG_3203.jpg */; };
		624FE6A0233228A3004E271B /* IMG_3205.jpg in Resources */ = {isa = PBXBuildFile; fileRef = 624FE69E233228A2004E271B /* IMG_3205.jpg */; };
		624FE6A323323C56004E271B /* TutorialViewController.swift in Sources */ = {isa = PBXBuildFile; fileRef = 624FE6A223323C56004E271B /* TutorialViewController.swift */; };
		6268C3E62334EC2800E86ECC /* ks_safari_activity_icon.png in Resources */ = {isa = PBXBuildFile; fileRef = 6268C3E52334EC2800E86ECC /* ks_safari_activity_icon.png */; };
		6272B350245DC06F005727D8 /* Localizable.strings in Resources */ = {isa = PBXBuildFile; fileRef = 6272B353245DC06F005727D8 /* Localizable.strings */; };
		6272B351245DC06F005727D8 /* Localizable.strings in Resources */ = {isa = PBXBuildFile; fileRef = 6272B353245DC06F005727D8 /* Localizable.strings */; };
		6272B35B245DC32D005727D8 /* Localizable.strings in Resources */ = {isa = PBXBuildFile; fileRef = 6272B35E245DC32D005727D8 /* Localizable.strings */; };
		6272B35C245DC32D005727D8 /* Localizable.strings in Resources */ = {isa = PBXBuildFile; fileRef = 6272B35E245DC32D005727D8 /* Localizable.strings */; };
		6272B366245DC4EA005727D8 /* Localizable.strings in Resources */ = {isa = PBXBuildFile; fileRef = 6272B369245DC4EA005727D8 /* Localizable.strings */; };
		6272B367245DC4EA005727D8 /* Localizable.strings in Resources */ = {isa = PBXBuildFile; fileRef = 6272B369245DC4EA005727D8 /* Localizable.strings */; };
		6272B36B245E9FEC005727D8 /* SupportedServicesViewController.swift in Sources */ = {isa = PBXBuildFile; fileRef = 6272B36A245E9FEB005727D8 /* SupportedServicesViewController.swift */; };
		6280BC09242399FA00EEDB3C /* settings.png in Resources */ = {isa = PBXBuildFile; fileRef = 6280BC08242399FA00EEDB3C /* settings.png */; };
		62A1E834242F9A0000113A10 /* MessageUI.framework in Frameworks */ = {isa = PBXBuildFile; fileRef = 62A1E833242F9A0000113A10 /* MessageUI.framework */; };
		62A2E49126E158CC007FD4F8 /* ContentManager.swift in Sources */ = {isa = PBXBuildFile; fileRef = 62A2E49026E158CC007FD4F8 /* ContentManager.swift */; };
		62A2E49326E15B89007FD4F8 /* ContentResponse.swift in Sources */ = {isa = PBXBuildFile; fileRef = 62A2E49226E15B89007FD4F8 /* ContentResponse.swift */; };
		62A3AF5F242E350A004BD808 /* SettingTableViewController.swift in Sources */ = {isa = PBXBuildFile; fileRef = 62A3AF5E242E350A004BD808 /* SettingTableViewController.swift */; };
		62B08ECD26AB146200CC6B08 /* GoogleDataTransport.framework in Frameworks */ = {isa = PBXBuildFile; fileRef = 62B08ECC26AB146200CC6B08 /* GoogleDataTransport.framework */; };
		62B08ECF26AB146200CC6B08 /* GoogleUtilities.framework in Frameworks */ = {isa = PBXBuildFile; fileRef = 62B08ECE26AB146200CC6B08 /* GoogleUtilities.framework */; };
		62B12335232E75D9007E6F61 /* AppDelegate.swift in Sources */ = {isa = PBXBuildFile; fileRef = 6221558B232B79B900DD4AB4 /* AppDelegate.swift */; };
		62B1234C232E8215007E6F61 /* Entry.swift in Sources */ = {isa = PBXBuildFile; fileRef = 62B1234B232E8215007E6F61 /* Entry.swift */; };
		909E9FA550C96476D4E86C62 /* Pods_Shiori.framework in Frameworks */ = {isa = PBXBuildFile; fileRef = 98B1316EC4BD7BAAF68C16D6 /* Pods_Shiori.framework */; };
		B417587B67390A83D3E0AB99 /* Pods_Share.framework in Frameworks */ = {isa = PBXBuildFile; fileRef = 6EC70B92298E46BA5986AED1 /* Pods_Share.framework */; };
/* End PBXBuildFile section */

/* Begin PBXContainerItemProxy section */
		622155AC232B7A2F00DD4AB4 /* PBXContainerItemProxy */ = {
			isa = PBXContainerItemProxy;
			containerPortal = 62215580232B79B900DD4AB4 /* Project object */;
			proxyType = 1;
			remoteGlobalIDString = 622155A3232B7A2E00DD4AB4;
			remoteInfo = Share;
		};
/* End PBXContainerItemProxy section */

/* Begin PBXCopyFilesBuildPhase section */
		622155B2232B7A2F00DD4AB4 /* Embed App Extensions */ = {
			isa = PBXCopyFilesBuildPhase;
			buildActionMask = 2147483647;
			dstPath = "";
			dstSubfolderSpec = 13;
			files = (
				622155AE232B7A2F00DD4AB4 /* Share.appex in Embed App Extensions */,
			);
			name = "Embed App Extensions";
			runOnlyForDeploymentPostprocessing = 0;
		};
		62B12347232E7801007E6F61 /* Embed Frameworks */ = {
			isa = PBXCopyFilesBuildPhase;
			buildActionMask = 2147483647;
			dstPath = "";
			dstSubfolderSpec = 10;
			files = (
			);
			name = "Embed Frameworks";
			runOnlyForDeploymentPostprocessing = 0;
		};
/* End PBXCopyFilesBuildPhase section */

/* Begin PBXFileReference section */
		18860B705E04B1046708118B /* Pods-Shiori.release.xcconfig */ = {isa = PBXFileReference; includeInIndex = 1; lastKnownFileType = text.xcconfig; name = "Pods-Shiori.release.xcconfig"; path = "Target Support Files/Pods-Shiori/Pods-Shiori.release.xcconfig"; sourceTree = "<group>"; };
		4E2125A016A96F842BA4EB81 /* Pods-Share.debug.xcconfig */ = {isa = PBXFileReference; includeInIndex = 1; lastKnownFileType = text.xcconfig; name = "Pods-Share.debug.xcconfig"; path = "Target Support Files/Pods-Share/Pods-Share.debug.xcconfig"; sourceTree = "<group>"; };
		6203169B232E9C740065ADE9 /* FeedTableViewCell.xib */ = {isa = PBXFileReference; lastKnownFileType = file.xib; path = FeedTableViewCell.xib; sourceTree = "<group>"; };
		6203169D232E9CF30065ADE9 /* FeedTableViewCell.swift */ = {isa = PBXFileReference; lastKnownFileType = sourcecode.swift; path = FeedTableViewCell.swift; sourceTree = "<group>"; };
		6204CC5926E299C2000611E1 /* ContentManager.swift */ = {isa = PBXFileReference; lastKnownFileType = sourcecode.swift; path = ContentManager.swift; sourceTree = "<group>"; };
		6204CC5B26E29B28000611E1 /* ContentRequest.swift */ = {isa = PBXFileReference; lastKnownFileType = sourcecode.swift; path = ContentRequest.swift; sourceTree = "<group>"; };
		62215588232B79B900DD4AB4 /* Shiori.app */ = {isa = PBXFileReference; explicitFileType = wrapper.application; includeInIndex = 0; path = Shiori.app; sourceTree = BUILT_PRODUCTS_DIR; };
		6221558B232B79B900DD4AB4 /* AppDelegate.swift */ = {isa = PBXFileReference; lastKnownFileType = sourcecode.swift; path = AppDelegate.swift; sourceTree = "<group>"; };
		6221558D232B79B900DD4AB4 /* ViewController.swift */ = {isa = PBXFileReference; lastKnownFileType = sourcecode.swift; path = ViewController.swift; sourceTree = "<group>"; };
		62215590232B79B900DD4AB4 /* Base */ = {isa = PBXFileReference; lastKnownFileType = file.storyboard; name = Base; path = Base.lproj/Main.storyboard; sourceTree = "<group>"; };
		62215593232B79B900DD4AB4 /* Shiori.xcdatamodel */ = {isa = PBXFileReference; lastKnownFileType = wrapper.xcdatamodel; path = Shiori.xcdatamodel; sourceTree = "<group>"; };
		62215595232B79BA00DD4AB4 /* Assets.xcassets */ = {isa = PBXFileReference; lastKnownFileType = folder.assetcatalog; path = Assets.xcassets; sourceTree = "<group>"; };
		62215598232B79BA00DD4AB4 /* Base */ = {isa = PBXFileReference; lastKnownFileType = file.storyboard; name = Base; path = Base.lproj/LaunchScreen.storyboard; sourceTree = "<group>"; };
		6221559A232B79BA00DD4AB4 /* Info.plist */ = {isa = PBXFileReference; lastKnownFileType = text.plist.xml; path = Info.plist; sourceTree = "<group>"; };
		622155A4232B7A2E00DD4AB4 /* Share.appex */ = {isa = PBXFileReference; explicitFileType = "wrapper.app-extension"; includeInIndex = 0; path = Share.appex; sourceTree = BUILT_PRODUCTS_DIR; };
		622155A6232B7A2F00DD4AB4 /* ShareViewController.swift */ = {isa = PBXFileReference; lastKnownFileType = sourcecode.swift; path = ShareViewController.swift; sourceTree = "<group>"; };
		622155A9232B7A2F00DD4AB4 /* Base */ = {isa = PBXFileReference; lastKnownFileType = file.storyboard; name = Base; path = Base.lproj/MainInterface.storyboard; sourceTree = "<group>"; };
		622155AB232B7A2F00DD4AB4 /* Info.plist */ = {isa = PBXFileReference; lastKnownFileType = text.plist.xml; path = Info.plist; sourceTree = "<group>"; };
		622155B3232B7A8D00DD4AB4 /* Share.entitlements */ = {isa = PBXFileReference; lastKnownFileType = text.plist.entitlements; path = Share.entitlements; sourceTree = "<group>"; };
		622155B4232B7AD100DD4AB4 /* Shiori.entitlements */ = {isa = PBXFileReference; lastKnownFileType = text.plist.entitlements; path = Shiori.entitlements; sourceTree = "<group>"; };
		622155B5232B944200DD4AB4 /* GetData.js */ = {isa = PBXFileReference; lastKnownFileType = sourcecode.javascript; path = GetData.js; sourceTree = "<group>"; };
		622155B7232CBF8400DD4AB4 /* WebViewController.swift */ = {isa = PBXFileReference; lastKnownFileType = sourcecode.swift; path = WebViewController.swift; sourceTree = "<group>"; };
		6226B08624610B1200A5E541 /* SubTableViewController.swift */ = {isa = PBXFileReference; lastKnownFileType = sourcecode.swift; name = SubTableViewController.swift; path = "/Users/MasatoraAtarashi/environment/web-shiori/Shiori-iOS/Shiori/Controllers/SubTableViewController.swift"; sourceTree = "<absolute>"; };
		6226B0882461172100A5E541 /* delete.png */ = {isa = PBXFileReference; lastKnownFileType = image.png; path = delete.png; sourceTree = "<group>"; };
		6226B08A24611DB400A5E541 /* garbage.png */ = {isa = PBXFileReference; lastKnownFileType = image.png; path = garbage.png; sourceTree = "<group>"; };
		622DA529245D7ECE001FDFEE /* ja */ = {isa = PBXFileReference; lastKnownFileType = text.plist.strings; name = ja; path = ja.lproj/Main.strings; sourceTree = "<group>"; };
		622DA52A245D7ECE001FDFEE /* ja */ = {isa = PBXFileReference; lastKnownFileType = text.plist.strings; name = ja; path = ja.lproj/LaunchScreen.strings; sourceTree = "<group>"; };
		622DA52B245D7ECE001FDFEE /* ja */ = {isa = PBXFileReference; lastKnownFileType = text.plist.strings; name = ja; path = ja.lproj/MainInterface.strings; sourceTree = "<group>"; };
		622DA531245D7EE1001FDFEE /* ja */ = {isa = PBXFileReference; lastKnownFileType = text.plist.strings; name = ja; path = ja.lproj/Localizable.strings; sourceTree = "<group>"; };
		622DA538245D7F0A001FDFEE /* en */ = {isa = PBXFileReference; lastKnownFileType = text.plist.strings; name = en; path = en.lproj/Localizable.strings; sourceTree = "<group>"; };
		624411002334EA6300C1C411 /* CustomActivity.swift */ = {isa = PBXFileReference; lastKnownFileType = sourcecode.swift; path = CustomActivity.swift; sourceTree = "<group>"; };
		624AAFE22461AA3F00265D71 /* SelectFolderTableViewController.swift */ = {isa = PBXFileReference; lastKnownFileType = sourcecode.swift; path = SelectFolderTableViewController.swift; sourceTree = "<group>"; };
		624D4E5B26DE55C100921FE3 /* ContentListManager.swift */ = {isa = PBXFileReference; lastKnownFileType = sourcecode.swift; path = ContentListManager.swift; sourceTree = "<group>"; };
		624D4E5D26DE5AA800921FE3 /* Const.swift */ = {isa = PBXFileReference; lastKnownFileType = sourcecode.swift; path = Const.swift; sourceTree = "<group>"; };
		624D4E5F26DE5D6A00921FE3 /* ContentListResponse.swift */ = {isa = PBXFileReference; lastKnownFileType = sourcecode.swift; path = ContentListResponse.swift; sourceTree = "<group>"; };
		624D4E6126DE806300921FE3 /* Content.swift */ = {isa = PBXFileReference; lastKnownFileType = sourcecode.swift; path = Content.swift; sourceTree = "<group>"; };
		624FE69523321297004E271B /* GoogleService-Info.plist */ = {isa = PBXFileReference; fileEncoding = 4; lastKnownFileType = text.plist.xml; path = "GoogleService-Info.plist"; sourceTree = "<group>"; };
		624FE69D233228A2004E271B /* IMG_3203.jpg */ = {isa = PBXFileReference; lastKnownFileType = image.jpeg; path = IMG_3203.jpg; sourceTree = "<group>"; };
		624FE69E233228A2004E271B /* IMG_3205.jpg */ = {isa = PBXFileReference; lastKnownFileType = image.jpeg; path = IMG_3205.jpg; sourceTree = "<group>"; };
		624FE6A223323C56004E271B /* TutorialViewController.swift */ = {isa = PBXFileReference; lastKnownFileType = sourcecode.swift; path = TutorialViewController.swift; sourceTree = "<group>"; };
		6268C3E52334EC2800E86ECC /* ks_safari_activity_icon.png */ = {isa = PBXFileReference; lastKnownFileType = image.png; path = ks_safari_activity_icon.png; sourceTree = "<group>"; };
		6272B34D245DC04F005727D8 /* ko */ = {isa = PBXFileReference; lastKnownFileType = text.plist.strings; name = ko; path = ko.lproj/Main.strings; sourceTree = "<group>"; };
		6272B34E245DC04F005727D8 /* ko */ = {isa = PBXFileReference; lastKnownFileType = text.plist.strings; name = ko; path = ko.lproj/LaunchScreen.strings; sourceTree = "<group>"; };
		6272B34F245DC04F005727D8 /* ko */ = {isa = PBXFileReference; lastKnownFileType = text.plist.strings; name = ko; path = ko.lproj/MainInterface.strings; sourceTree = "<group>"; };
		6272B352245DC06F005727D8 /* ko */ = {isa = PBXFileReference; lastKnownFileType = text.plist.strings; name = ko; path = ko.lproj/Localizable.strings; sourceTree = "<group>"; };
		6272B357245DC300005727D8 /* zh-Hans */ = {isa = PBXFileReference; lastKnownFileType = text.plist.strings; name = "zh-Hans"; path = "zh-Hans.lproj/Main.strings"; sourceTree = "<group>"; };
		6272B358245DC301005727D8 /* zh-Hans */ = {isa = PBXFileReference; lastKnownFileType = text.plist.strings; name = "zh-Hans"; path = "zh-Hans.lproj/LaunchScreen.strings"; sourceTree = "<group>"; };
		6272B359245DC301005727D8 /* zh-Hans */ = {isa = PBXFileReference; lastKnownFileType = text.plist.strings; name = "zh-Hans"; path = "zh-Hans.lproj/MainInterface.strings"; sourceTree = "<group>"; };
		6272B35D245DC32D005727D8 /* zh-Hans */ = {isa = PBXFileReference; lastKnownFileType = text.plist.strings; name = "zh-Hans"; path = "zh-Hans.lproj/Localizable.strings"; sourceTree = "<group>"; };
		6272B35F245DC4BC005727D8 /* zh-Hant */ = {isa = PBXFileReference; lastKnownFileType = text.plist.strings; name = "zh-Hant"; path = "zh-Hant.lproj/Main.strings"; sourceTree = "<group>"; };
		6272B360245DC4BC005727D8 /* zh-Hant */ = {isa = PBXFileReference; lastKnownFileType = text.plist.strings; name = "zh-Hant"; path = "zh-Hant.lproj/LaunchScreen.strings"; sourceTree = "<group>"; };
		6272B361245DC4BC005727D8 /* zh-Hant */ = {isa = PBXFileReference; lastKnownFileType = text.plist.strings; name = "zh-Hant"; path = "zh-Hant.lproj/MainInterface.strings"; sourceTree = "<group>"; };
		6272B368245DC4EA005727D8 /* zh-Hant */ = {isa = PBXFileReference; lastKnownFileType = text.plist.strings; name = "zh-Hant"; path = "zh-Hant.lproj/Localizable.strings"; sourceTree = "<group>"; };
		6272B36A245E9FEB005727D8 /* SupportedServicesViewController.swift */ = {isa = PBXFileReference; lastKnownFileType = sourcecode.swift; path = SupportedServicesViewController.swift; sourceTree = "<group>"; };
		6280BC08242399FA00EEDB3C /* settings.png */ = {isa = PBXFileReference; lastKnownFileType = image.png; path = settings.png; sourceTree = "<group>"; };
		62A1E833242F9A0000113A10 /* MessageUI.framework */ = {isa = PBXFileReference; lastKnownFileType = wrapper.framework; name = MessageUI.framework; path = System/Library/Frameworks/MessageUI.framework; sourceTree = SDKROOT; };
		62A2E49026E158CC007FD4F8 /* ContentManager.swift */ = {isa = PBXFileReference; lastKnownFileType = sourcecode.swift; path = ContentManager.swift; sourceTree = "<group>"; };
		62A2E49226E15B89007FD4F8 /* ContentResponse.swift */ = {isa = PBXFileReference; lastKnownFileType = sourcecode.swift; path = ContentResponse.swift; sourceTree = "<group>"; };
		62A3AF5E242E350A004BD808 /* SettingTableViewController.swift */ = {isa = PBXFileReference; lastKnownFileType = sourcecode.swift; path = SettingTableViewController.swift; sourceTree = "<group>"; };
		62B08ECC26AB146200CC6B08 /* GoogleDataTransport.framework */ = {isa = PBXFileReference; explicitFileType = wrapper.framework; path = GoogleDataTransport.framework; sourceTree = BUILT_PRODUCTS_DIR; };
		62B08ECE26AB146200CC6B08 /* GoogleUtilities.framework */ = {isa = PBXFileReference; explicitFileType = wrapper.framework; path = GoogleUtilities.framework; sourceTree = BUILT_PRODUCTS_DIR; };
		62B1234B232E8215007E6F61 /* Entry.swift */ = {isa = PBXFileReference; lastKnownFileType = sourcecode.swift; path = Entry.swift; sourceTree = "<group>"; };
		6EC70B92298E46BA5986AED1 /* Pods_Share.framework */ = {isa = PBXFileReference; explicitFileType = wrapper.framework; includeInIndex = 0; path = Pods_Share.framework; sourceTree = BUILT_PRODUCTS_DIR; };
		7E5478B8CD8CA0C6ECE6036A /* Pods-Share.release.xcconfig */ = {isa = PBXFileReference; includeInIndex = 1; lastKnownFileType = text.xcconfig; name = "Pods-Share.release.xcconfig"; path = "Target Support Files/Pods-Share/Pods-Share.release.xcconfig"; sourceTree = "<group>"; };
		98B1316EC4BD7BAAF68C16D6 /* Pods_Shiori.framework */ = {isa = PBXFileReference; explicitFileType = wrapper.framework; includeInIndex = 0; path = Pods_Shiori.framework; sourceTree = BUILT_PRODUCTS_DIR; };
		ADC9E03ECD8878BFC17B9338 /* Pods-Shiori.debug.xcconfig */ = {isa = PBXFileReference; includeInIndex = 1; lastKnownFileType = text.xcconfig; name = "Pods-Shiori.debug.xcconfig"; path = "Target Support Files/Pods-Shiori/Pods-Shiori.debug.xcconfig"; sourceTree = "<group>"; };
/* End PBXFileReference section */

/* Begin PBXFrameworksBuildPhase section */
		62215585232B79B900DD4AB4 /* Frameworks */ = {
			isa = PBXFrameworksBuildPhase;
			buildActionMask = 2147483647;
			files = (
				62B08ECD26AB146200CC6B08 /* GoogleDataTransport.framework in Frameworks */,
				62B08ECF26AB146200CC6B08 /* GoogleUtilities.framework in Frameworks */,
				62A1E834242F9A0000113A10 /* MessageUI.framework in Frameworks */,
				909E9FA550C96476D4E86C62 /* Pods_Shiori.framework in Frameworks */,
			);
			runOnlyForDeploymentPostprocessing = 0;
		};
		622155A1232B7A2E00DD4AB4 /* Frameworks */ = {
			isa = PBXFrameworksBuildPhase;
			buildActionMask = 2147483647;
			files = (
				B417587B67390A83D3E0AB99 /* Pods_Share.framework in Frameworks */,
			);
			runOnlyForDeploymentPostprocessing = 0;
		};
/* End PBXFrameworksBuildPhase section */

/* Begin PBXGroup section */
		6221557F232B79B900DD4AB4 = {
			isa = PBXGroup;
			children = (
				6272B369245DC4EA005727D8 /* Localizable.strings */,
				6272B35E245DC32D005727D8 /* Localizable.strings */,
				6272B353245DC06F005727D8 /* Localizable.strings */,
				622DA539245D7F0A001FDFEE /* Localizable.strings */,
				622DA532245D7EE1001FDFEE /* Localizable.strings */,
				6221558A232B79B900DD4AB4 /* Shiori */,
				622155A5232B7A2E00DD4AB4 /* Share */,
				62215589232B79B900DD4AB4 /* Products */,
				A7F17AA72CB685FA65F6E95E /* Pods */,
				B09494A8CAC8586A118C22FA /* Frameworks */,
			);
			sourceTree = "<group>";
		};
		62215589232B79B900DD4AB4 /* Products */ = {
			isa = PBXGroup;
			children = (
				62215588232B79B900DD4AB4 /* Shiori.app */,
				622155A4232B7A2E00DD4AB4 /* Share.appex */,
			);
			name = Products;
			sourceTree = "<group>";
		};
		6221558A232B79B900DD4AB4 /* Shiori */ = {
			isa = PBXGroup;
			children = (
				622155B4232B7AD100DD4AB4 /* Shiori.entitlements */,
				6221558B232B79B900DD4AB4 /* AppDelegate.swift */,
				6268C3E32334EAE000E86ECC /* Controllers */,
				6268C3E22334EAD400E86ECC /* Views */,
				624411022334EA7A00C1C411 /* Model */,
				62215595232B79BA00DD4AB4 /* Assets.xcassets */,
				6221559A232B79BA00DD4AB4 /* Info.plist */,
				624FE69523321297004E271B /* GoogleService-Info.plist */,
				62215592232B79B900DD4AB4 /* Shiori.xcdatamodeld */,
				6268C3E42334EAEF00E86ECC /* Images */,
			);
			path = Shiori;
			sourceTree = "<group>";
		};
		622155A5232B7A2E00DD4AB4 /* Share */ = {
			isa = PBXGroup;
			children = (
				622155B3232B7A8D00DD4AB4 /* Share.entitlements */,
				622155A6232B7A2F00DD4AB4 /* ShareViewController.swift */,
				622155A8232B7A2F00DD4AB4 /* MainInterface.storyboard */,
				622155AB232B7A2F00DD4AB4 /* Info.plist */,
				622155B5232B944200DD4AB4 /* GetData.js */,
				6204CC5926E299C2000611E1 /* ContentManager.swift */,
			);
			path = Share;
			sourceTree = "<group>";
		};
		624411022334EA7A00C1C411 /* Model */ = {
			isa = PBXGroup;
			children = (
				624411002334EA6300C1C411 /* CustomActivity.swift */,
				62B1234B232E8215007E6F61 /* Entry.swift */,
				624D4E5B26DE55C100921FE3 /* ContentListManager.swift */,
				624D4E5D26DE5AA800921FE3 /* Const.swift */,
				624D4E5F26DE5D6A00921FE3 /* ContentListResponse.swift */,
				624D4E6126DE806300921FE3 /* Content.swift */,
				62A2E49026E158CC007FD4F8 /* ContentManager.swift */,
				62A2E49226E15B89007FD4F8 /* ContentResponse.swift */,
				6204CC5B26E29B28000611E1 /* ContentRequest.swift */,
			);
			path = Model;
			sourceTree = "<group>";
		};
		6268C3E22334EAD400E86ECC /* Views */ = {
			isa = PBXGroup;
			children = (
				6203169B232E9C740065ADE9 /* FeedTableViewCell.xib */,
				6221558F232B79B900DD4AB4 /* Main.storyboard */,
				62215597232B79BA00DD4AB4 /* LaunchScreen.storyboard */,
			);
			path = Views;
			sourceTree = "<group>";
		};
		6268C3E32334EAE000E86ECC /* Controllers */ = {
			isa = PBXGroup;
			children = (
				6226B08624610B1200A5E541 /* SubTableViewController.swift */,
				6221558D232B79B900DD4AB4 /* ViewController.swift */,
				6203169D232E9CF30065ADE9 /* FeedTableViewCell.swift */,
				622155B7232CBF8400DD4AB4 /* WebViewController.swift */,
				624FE6A223323C56004E271B /* TutorialViewController.swift */,
				62A3AF5E242E350A004BD808 /* SettingTableViewController.swift */,
				6272B36A245E9FEB005727D8 /* SupportedServicesViewController.swift */,
				624AAFE22461AA3F00265D71 /* SelectFolderTableViewController.swift */,
			);
			path = Controllers;
			sourceTree = "<group>";
		};
		6268C3E42334EAEF00E86ECC /* Images */ = {
			isa = PBXGroup;
			children = (
				6268C3E52334EC2800E86ECC /* ks_safari_activity_icon.png */,
				6226B08A24611DB400A5E541 /* garbage.png */,
				6226B0882461172100A5E541 /* delete.png */,
				6280BC08242399FA00EEDB3C /* settings.png */,
				624FE69D233228A2004E271B /* IMG_3203.jpg */,
				624FE69E233228A2004E271B /* IMG_3205.jpg */,
			);
			path = Images;
			sourceTree = "<group>";
		};
		A7F17AA72CB685FA65F6E95E /* Pods */ = {
			isa = PBXGroup;
			children = (
				4E2125A016A96F842BA4EB81 /* Pods-Share.debug.xcconfig */,
				7E5478B8CD8CA0C6ECE6036A /* Pods-Share.release.xcconfig */,
				ADC9E03ECD8878BFC17B9338 /* Pods-Shiori.debug.xcconfig */,
				18860B705E04B1046708118B /* Pods-Shiori.release.xcconfig */,
			);
			path = Pods;
			sourceTree = "<group>";
		};
		B09494A8CAC8586A118C22FA /* Frameworks */ = {
			isa = PBXGroup;
			children = (
				62B08ECC26AB146200CC6B08 /* GoogleDataTransport.framework */,
				62B08ECE26AB146200CC6B08 /* GoogleUtilities.framework */,
				62A1E833242F9A0000113A10 /* MessageUI.framework */,
				6EC70B92298E46BA5986AED1 /* Pods_Share.framework */,
				98B1316EC4BD7BAAF68C16D6 /* Pods_Shiori.framework */,
			);
			name = Frameworks;
			sourceTree = "<group>";
		};
/* End PBXGroup section */

/* Begin PBXNativeTarget section */
		62215587232B79B900DD4AB4 /* Shiori */ = {
			isa = PBXNativeTarget;
			buildConfigurationList = 6221559D232B79BA00DD4AB4 /* Build configuration list for PBXNativeTarget "Shiori" */;
			buildPhases = (
				A2D17E4072D655C4FEFA07F7 /* [CP] Check Pods Manifest.lock */,
				62215584232B79B900DD4AB4 /* Sources */,
				62215585232B79B900DD4AB4 /* Frameworks */,
				62215586232B79B900DD4AB4 /* Resources */,
				622155B2232B7A2F00DD4AB4 /* Embed App Extensions */,
				62B12347232E7801007E6F61 /* Embed Frameworks */,
				321C5EC86011DA18EF99FD26 /* [CP] Embed Pods Frameworks */,
				624FE698233214EF004E271B /* ShellScript */,
			);
			buildRules = (
			);
			dependencies = (
				622155AD232B7A2F00DD4AB4 /* PBXTargetDependency */,
			);
			name = Shiori;
			productName = Shiori;
			productReference = 62215588232B79B900DD4AB4 /* Shiori.app */;
			productType = "com.apple.product-type.application";
		};
		622155A3232B7A2E00DD4AB4 /* Share */ = {
			isa = PBXNativeTarget;
			buildConfigurationList = 622155AF232B7A2F00DD4AB4 /* Build configuration list for PBXNativeTarget "Share" */;
			buildPhases = (
				DB52225D6A2344491CDB8444 /* [CP] Check Pods Manifest.lock */,
				622155A0232B7A2E00DD4AB4 /* Sources */,
				622155A1232B7A2E00DD4AB4 /* Frameworks */,
				622155A2232B7A2E00DD4AB4 /* Resources */,
			);
			buildRules = (
			);
			dependencies = (
			);
			name = Share;
			productName = Share;
			productReference = 622155A4232B7A2E00DD4AB4 /* Share.appex */;
			productType = "com.apple.product-type.app-extension";
		};
/* End PBXNativeTarget section */

/* Begin PBXProject section */
		62215580232B79B900DD4AB4 /* Project object */ = {
			isa = PBXProject;
			attributes = {
				LastSwiftUpdateCheck = 1030;
				LastUpgradeCheck = 1030;
				ORGANIZATIONNAME = "Masatora Atarashi";
				TargetAttributes = {
					62215587232B79B900DD4AB4 = {
						CreatedOnToolsVersion = 10.3;
						SystemCapabilities = {
							com.apple.ApplicationGroups.iOS = {
								enabled = 1;
							};
							com.apple.Keychain = {
								enabled = 1;
							};
						};
					};
					622155A3232B7A2E00DD4AB4 = {
						CreatedOnToolsVersion = 10.3;
						SystemCapabilities = {
							com.apple.ApplicationGroups.iOS = {
								enabled = 1;
							};
							com.apple.Keychain = {
								enabled = 1;
							};
						};
					};
				};
			};
			buildConfigurationList = 62215583232B79B900DD4AB4 /* Build configuration list for PBXProject "Shiori" */;
			compatibilityVersion = "Xcode 12.0";
			developmentRegion = en;
			hasScannedForEncodings = 0;
			knownRegions = (
				en,
				Base,
				ja,
				ko,
				"zh-Hans",
				"zh-Hant",
			);
			mainGroup = 6221557F232B79B900DD4AB4;
			productRefGroup = 62215589232B79B900DD4AB4 /* Products */;
			projectDirPath = "";
			projectRoot = "";
			targets = (
				62215587232B79B900DD4AB4 /* Shiori */,
				622155A3232B7A2E00DD4AB4 /* Share */,
			);
		};
/* End PBXProject section */

/* Begin PBXResourcesBuildPhase section */
		62215586232B79B900DD4AB4 /* Resources */ = {
			isa = PBXResourcesBuildPhase;
			buildActionMask = 2147483647;
			files = (
				624FE6A0233228A3004E271B /* IMG_3205.jpg in Resources */,
				6272B350245DC06F005727D8 /* Localizable.strings in Resources */,
				62215599232B79BA00DD4AB4 /* LaunchScreen.storyboard in Resources */,
				6226B0892461172100A5E541 /* delete.png in Resources */,
				6272B366245DC4EA005727D8 /* Localizable.strings in Resources */,
				622DA536245D7F0A001FDFEE /* Localizable.strings in Resources */,
				6280BC09242399FA00EEDB3C /* settings.png in Resources */,
				6226B08B24611DB500A5E541 /* garbage.png in Resources */,
				6203169C232E9C740065ADE9 /* FeedTableViewCell.xib in Resources */,
				624FE69623321297004E271B /* GoogleService-Info.plist in Resources */,
				622DA52F245D7EE1001FDFEE /* Localizable.strings in Resources */,
				624FE69F233228A3004E271B /* IMG_3203.jpg in Resources */,
				6272B35B245DC32D005727D8 /* Localizable.strings in Resources */,
				6268C3E62334EC2800E86ECC /* ks_safari_activity_icon.png in Resources */,
				62215596232B79BA00DD4AB4 /* Assets.xcassets in Resources */,
				62215591232B79B900DD4AB4 /* Main.storyboard in Resources */,
			);
			runOnlyForDeploymentPostprocessing = 0;
		};
		622155A2232B7A2E00DD4AB4 /* Resources */ = {
			isa = PBXResourcesBuildPhase;
			buildActionMask = 2147483647;
			files = (
				622DA537245D7F0A001FDFEE /* Localizable.strings in Resources */,
				6272B351245DC06F005727D8 /* Localizable.strings in Resources */,
				622155AA232B7A2F00DD4AB4 /* MainInterface.storyboard in Resources */,
				6272B35C245DC32D005727D8 /* Localizable.strings in Resources */,
				622DA530245D7EE1001FDFEE /* Localizable.strings in Resources */,
				6272B367245DC4EA005727D8 /* Localizable.strings in Resources */,
				624FE69723321297004E271B /* GoogleService-Info.plist in Resources */,
				622155B6232B944200DD4AB4 /* GetData.js in Resources */,
			);
			runOnlyForDeploymentPostprocessing = 0;
		};
/* End PBXResourcesBuildPhase section */

/* Begin PBXShellScriptBuildPhase section */
		321C5EC86011DA18EF99FD26 /* [CP] Embed Pods Frameworks */ = {
			isa = PBXShellScriptBuildPhase;
			buildActionMask = 2147483647;
			files = (
			);
			inputFileListPaths = (
				"${PODS_ROOT}/Target Support Files/Pods-Shiori/Pods-Shiori-frameworks-${CONFIGURATION}-input-files.xcfilelist",
			);
			name = "[CP] Embed Pods Frameworks";
			outputFileListPaths = (
				"${PODS_ROOT}/Target Support Files/Pods-Shiori/Pods-Shiori-frameworks-${CONFIGURATION}-output-files.xcfilelist",
			);
			runOnlyForDeploymentPostprocessing = 0;
			shellPath = /bin/sh;
			shellScript = "\"${PODS_ROOT}/Target Support Files/Pods-Shiori/Pods-Shiori-frameworks.sh\"\n";
			showEnvVarsInLog = 0;
		};
		624FE698233214EF004E271B /* ShellScript */ = {
			isa = PBXShellScriptBuildPhase;
			buildActionMask = 2147483647;
			files = (
			);
			inputFileListPaths = (
			);
			inputPaths = (
				"$(SRCROOT)/$(BUILT_PRODUCTS_DIR)/$(INFOPLIST_PATH)",
			);
			outputFileListPaths = (
			);
			outputPaths = (
			);
			runOnlyForDeploymentPostprocessing = 0;
			shellPath = /bin/sh;
			shellScript = "# Type a script or drag a script file from your workspace to insert its path.\n${PODS_ROOT}/FirebaseCrashlytics/run\nswift-format -r . -i\n";
		};
		A2D17E4072D655C4FEFA07F7 /* [CP] Check Pods Manifest.lock */ = {
			isa = PBXShellScriptBuildPhase;
			buildActionMask = 2147483647;
			files = (
			);
			inputFileListPaths = (
			);
			inputPaths = (
				"${PODS_PODFILE_DIR_PATH}/Podfile.lock",
				"${PODS_ROOT}/Manifest.lock",
			);
			name = "[CP] Check Pods Manifest.lock";
			outputFileListPaths = (
			);
			outputPaths = (
				"$(DERIVED_FILE_DIR)/Pods-Shiori-checkManifestLockResult.txt",
			);
			runOnlyForDeploymentPostprocessing = 0;
			shellPath = /bin/sh;
			shellScript = "diff \"${PODS_PODFILE_DIR_PATH}/Podfile.lock\" \"${PODS_ROOT}/Manifest.lock\" > /dev/null\nif [ $? != 0 ] ; then\n    # print error to STDERR\n    echo \"error: The sandbox is not in sync with the Podfile.lock. Run 'pod install' or update your CocoaPods installation.\" >&2\n    exit 1\nfi\n# This output is used by Xcode 'outputs' to avoid re-running this script phase.\necho \"SUCCESS\" > \"${SCRIPT_OUTPUT_FILE_0}\"\n";
			showEnvVarsInLog = 0;
		};
		DB52225D6A2344491CDB8444 /* [CP] Check Pods Manifest.lock */ = {
			isa = PBXShellScriptBuildPhase;
			buildActionMask = 2147483647;
			files = (
			);
			inputFileListPaths = (
			);
			inputPaths = (
				"${PODS_PODFILE_DIR_PATH}/Podfile.lock",
				"${PODS_ROOT}/Manifest.lock",
			);
			name = "[CP] Check Pods Manifest.lock";
			outputFileListPaths = (
			);
			outputPaths = (
				"$(DERIVED_FILE_DIR)/Pods-Share-checkManifestLockResult.txt",
			);
			runOnlyForDeploymentPostprocessing = 0;
			shellPath = /bin/sh;
			shellScript = "diff \"${PODS_PODFILE_DIR_PATH}/Podfile.lock\" \"${PODS_ROOT}/Manifest.lock\" > /dev/null\nif [ $? != 0 ] ; then\n    # print error to STDERR\n    echo \"error: The sandbox is not in sync with the Podfile.lock. Run 'pod install' or update your CocoaPods installation.\" >&2\n    exit 1\nfi\n# This output is used by Xcode 'outputs' to avoid re-running this script phase.\necho \"SUCCESS\" > \"${SCRIPT_OUTPUT_FILE_0}\"\n";
			showEnvVarsInLog = 0;
		};
/* End PBXShellScriptBuildPhase section */

/* Begin PBXSourcesBuildPhase section */
		62215584232B79B900DD4AB4 /* Sources */ = {
			isa = PBXSourcesBuildPhase;
			buildActionMask = 2147483647;
			files = (
				62215594232B79B900DD4AB4 /* Shiori.xcdatamodeld in Sources */,
				624D4E5C26DE55C100921FE3 /* ContentListManager.swift in Sources */,
				624FE6A323323C56004E271B /* TutorialViewController.swift in Sources */,
				624D4E6226DE806300921FE3 /* Content.swift in Sources */,
				6203169E232E9CF30065ADE9 /* FeedTableViewCell.swift in Sources */,
				6221558E232B79B900DD4AB4 /* ViewController.swift in Sources */,
				62A2E49326E15B89007FD4F8 /* ContentResponse.swift in Sources */,
				6221558C232B79B900DD4AB4 /* AppDelegate.swift in Sources */,
				6226B08724610B1200A5E541 /* SubTableViewController.swift in Sources */,
				622155B8232CBF8400DD4AB4 /* WebViewController.swift in Sources */,
				62A3AF5F242E350A004BD808 /* SettingTableViewController.swift in Sources */,
				624D4E6026DE5D6A00921FE3 /* ContentListResponse.swift in Sources */,
				6272B36B245E9FEC005727D8 /* SupportedServicesViewController.swift in Sources */,
				62B1234C232E8215007E6F61 /* Entry.swift in Sources */,
				624411012334EA6300C1C411 /* CustomActivity.swift in Sources */,
				6204CC5C26E29B28000611E1 /* ContentRequest.swift in Sources */,
				624AAFE32461AA3F00265D71 /* SelectFolderTableViewController.swift in Sources */,
				624D4E5E26DE5AA800921FE3 /* Const.swift in Sources */,
				62A2E49126E158CC007FD4F8 /* ContentManager.swift in Sources */,
			);
			runOnlyForDeploymentPostprocessing = 0;
		};
		622155A0232B7A2E00DD4AB4 /* Sources */ = {
			isa = PBXSourcesBuildPhase;
			buildActionMask = 2147483647;
			files = (
				62B12335232E75D9007E6F61 /* AppDelegate.swift in Sources */,
				6204CC5A26E299C2000611E1 /* ContentManager.swift in Sources */,
				622155A7232B7A2F00DD4AB4 /* ShareViewController.swift in Sources */,
				6204CC5526E298F5000611E1 /* Const.swift in Sources */,
				6204CC5D26E29B2B000611E1 /* ContentRequest.swift in Sources */,
			);
			runOnlyForDeploymentPostprocessing = 0;
		};
/* End PBXSourcesBuildPhase section */

/* Begin PBXTargetDependency section */
		622155AD232B7A2F00DD4AB4 /* PBXTargetDependency */ = {
			isa = PBXTargetDependency;
			target = 622155A3232B7A2E00DD4AB4 /* Share */;
			targetProxy = 622155AC232B7A2F00DD4AB4 /* PBXContainerItemProxy */;
		};
/* End PBXTargetDependency section */

/* Begin PBXVariantGroup section */
		6221558F232B79B900DD4AB4 /* Main.storyboard */ = {
			isa = PBXVariantGroup;
			children = (
				62215590232B79B900DD4AB4 /* Base */,
				622DA529245D7ECE001FDFEE /* ja */,
				6272B34D245DC04F005727D8 /* ko */,
				6272B357245DC300005727D8 /* zh-Hans */,
				6272B35F245DC4BC005727D8 /* zh-Hant */,
			);
			name = Main.storyboard;
			sourceTree = "<group>";
		};
		62215597232B79BA00DD4AB4 /* LaunchScreen.storyboard */ = {
			isa = PBXVariantGroup;
			children = (
				62215598232B79BA00DD4AB4 /* Base */,
				622DA52A245D7ECE001FDFEE /* ja */,
				6272B34E245DC04F005727D8 /* ko */,
				6272B358245DC301005727D8 /* zh-Hans */,
				6272B360245DC4BC005727D8 /* zh-Hant */,
			);
			name = LaunchScreen.storyboard;
			sourceTree = "<group>";
		};
		622155A8232B7A2F00DD4AB4 /* MainInterface.storyboard */ = {
			isa = PBXVariantGroup;
			children = (
				622155A9232B7A2F00DD4AB4 /* Base */,
				622DA52B245D7ECE001FDFEE /* ja */,
				6272B34F245DC04F005727D8 /* ko */,
				6272B359245DC301005727D8 /* zh-Hans */,
				6272B361245DC4BC005727D8 /* zh-Hant */,
			);
			name = MainInterface.storyboard;
			sourceTree = "<group>";
		};
		622DA532245D7EE1001FDFEE /* Localizable.strings */ = {
			isa = PBXVariantGroup;
			children = (
				622DA531245D7EE1001FDFEE /* ja */,
			);
			name = Localizable.strings;
			sourceTree = "<group>";
		};
		622DA539245D7F0A001FDFEE /* Localizable.strings */ = {
			isa = PBXVariantGroup;
			children = (
				622DA538245D7F0A001FDFEE /* en */,
			);
			name = Localizable.strings;
			sourceTree = "<group>";
		};
		6272B353245DC06F005727D8 /* Localizable.strings */ = {
			isa = PBXVariantGroup;
			children = (
				6272B352245DC06F005727D8 /* ko */,
			);
			name = Localizable.strings;
			sourceTree = "<group>";
		};
		6272B35E245DC32D005727D8 /* Localizable.strings */ = {
			isa = PBXVariantGroup;
			children = (
				6272B35D245DC32D005727D8 /* zh-Hans */,
			);
			name = Localizable.strings;
			sourceTree = "<group>";
		};
		6272B369245DC4EA005727D8 /* Localizable.strings */ = {
			isa = PBXVariantGroup;
			children = (
				6272B368245DC4EA005727D8 /* zh-Hant */,
			);
			name = Localizable.strings;
			sourceTree = "<group>";
		};
/* End PBXVariantGroup section */

/* Begin XCBuildConfiguration section */
		6221559B232B79BA00DD4AB4 /* Debug */ = {
			isa = XCBuildConfiguration;
			buildSettings = {
				ALWAYS_SEARCH_USER_PATHS = NO;
				CLANG_ANALYZER_LOCALIZABILITY_NONLOCALIZED = YES;
				CLANG_ANALYZER_NONNULL = YES;
				CLANG_ANALYZER_NUMBER_OBJECT_CONVERSION = YES_AGGRESSIVE;
				CLANG_CXX_LANGUAGE_STANDARD = "gnu++14";
				CLANG_CXX_LIBRARY = "libc++";
				CLANG_ENABLE_MODULES = YES;
				CLANG_ENABLE_OBJC_ARC = YES;
				CLANG_ENABLE_OBJC_WEAK = YES;
				CLANG_WARN_BLOCK_CAPTURE_AUTORELEASING = YES;
				CLANG_WARN_BOOL_CONVERSION = YES;
				CLANG_WARN_COMMA = YES;
				CLANG_WARN_CONSTANT_CONVERSION = YES;
				CLANG_WARN_DEPRECATED_OBJC_IMPLEMENTATIONS = YES;
				CLANG_WARN_DIRECT_OBJC_ISA_USAGE = YES_ERROR;
				CLANG_WARN_DOCUMENTATION_COMMENTS = YES;
				CLANG_WARN_EMPTY_BODY = YES;
				CLANG_WARN_ENUM_CONVERSION = YES;
				CLANG_WARN_INFINITE_RECURSION = YES;
				CLANG_WARN_INT_CONVERSION = YES;
				CLANG_WARN_NON_LITERAL_NULL_CONVERSION = YES;
				CLANG_WARN_OBJC_IMPLICIT_RETAIN_SELF = YES;
				CLANG_WARN_OBJC_LITERAL_CONVERSION = YES;
				CLANG_WARN_OBJC_ROOT_CLASS = YES_ERROR;
				CLANG_WARN_RANGE_LOOP_ANALYSIS = YES;
				CLANG_WARN_STRICT_PROTOTYPES = YES;
				CLANG_WARN_SUSPICIOUS_MOVE = YES;
				CLANG_WARN_UNGUARDED_AVAILABILITY = YES_AGGRESSIVE;
				CLANG_WARN_UNREACHABLE_CODE = YES;
				CLANG_WARN__DUPLICATE_METHOD_MATCH = YES;
				CODE_SIGN_IDENTITY = "iPhone Developer";
				COPY_PHASE_STRIP = NO;
				DEBUG_INFORMATION_FORMAT = "dwarf-with-dsym";
				ENABLE_STRICT_OBJC_MSGSEND = YES;
				ENABLE_TESTABILITY = YES;
				GCC_C_LANGUAGE_STANDARD = gnu11;
				GCC_DYNAMIC_NO_PIC = NO;
				GCC_NO_COMMON_BLOCKS = YES;
				GCC_OPTIMIZATION_LEVEL = 0;
				GCC_PREPROCESSOR_DEFINITIONS = (
					"DEBUG=1",
					"$(inherited)",
				);
				GCC_WARN_64_TO_32_BIT_CONVERSION = YES;
				GCC_WARN_ABOUT_RETURN_TYPE = YES_ERROR;
				GCC_WARN_UNDECLARED_SELECTOR = YES;
				GCC_WARN_UNINITIALIZED_AUTOS = YES_AGGRESSIVE;
				GCC_WARN_UNUSED_FUNCTION = YES;
				GCC_WARN_UNUSED_VARIABLE = YES;
				IPHONEOS_DEPLOYMENT_TARGET = 13.0;
				MTL_ENABLE_DEBUG_INFO = INCLUDE_SOURCE;
				MTL_FAST_MATH = YES;
				ONLY_ACTIVE_ARCH = YES;
				SDKROOT = iphoneos;
				SWIFT_ACTIVE_COMPILATION_CONDITIONS = DEBUG;
				SWIFT_OPTIMIZATION_LEVEL = "-Onone";
			};
			name = Debug;
		};
		6221559C232B79BA00DD4AB4 /* Release */ = {
			isa = XCBuildConfiguration;
			buildSettings = {
				ALWAYS_SEARCH_USER_PATHS = NO;
				CLANG_ANALYZER_LOCALIZABILITY_NONLOCALIZED = YES;
				CLANG_ANALYZER_NONNULL = YES;
				CLANG_ANALYZER_NUMBER_OBJECT_CONVERSION = YES_AGGRESSIVE;
				CLANG_CXX_LANGUAGE_STANDARD = "gnu++14";
				CLANG_CXX_LIBRARY = "libc++";
				CLANG_ENABLE_MODULES = YES;
				CLANG_ENABLE_OBJC_ARC = YES;
				CLANG_ENABLE_OBJC_WEAK = YES;
				CLANG_WARN_BLOCK_CAPTURE_AUTORELEASING = YES;
				CLANG_WARN_BOOL_CONVERSION = YES;
				CLANG_WARN_COMMA = YES;
				CLANG_WARN_CONSTANT_CONVERSION = YES;
				CLANG_WARN_DEPRECATED_OBJC_IMPLEMENTATIONS = YES;
				CLANG_WARN_DIRECT_OBJC_ISA_USAGE = YES_ERROR;
				CLANG_WARN_DOCUMENTATION_COMMENTS = YES;
				CLANG_WARN_EMPTY_BODY = YES;
				CLANG_WARN_ENUM_CONVERSION = YES;
				CLANG_WARN_INFINITE_RECURSION = YES;
				CLANG_WARN_INT_CONVERSION = YES;
				CLANG_WARN_NON_LITERAL_NULL_CONVERSION = YES;
				CLANG_WARN_OBJC_IMPLICIT_RETAIN_SELF = YES;
				CLANG_WARN_OBJC_LITERAL_CONVERSION = YES;
				CLANG_WARN_OBJC_ROOT_CLASS = YES_ERROR;
				CLANG_WARN_RANGE_LOOP_ANALYSIS = YES;
				CLANG_WARN_STRICT_PROTOTYPES = YES;
				CLANG_WARN_SUSPICIOUS_MOVE = YES;
				CLANG_WARN_UNGUARDED_AVAILABILITY = YES_AGGRESSIVE;
				CLANG_WARN_UNREACHABLE_CODE = YES;
				CLANG_WARN__DUPLICATE_METHOD_MATCH = YES;
				CODE_SIGN_IDENTITY = "iPhone Developer";
				COPY_PHASE_STRIP = NO;
				DEBUG_INFORMATION_FORMAT = "dwarf-with-dsym";
				ENABLE_NS_ASSERTIONS = NO;
				ENABLE_STRICT_OBJC_MSGSEND = YES;
				GCC_C_LANGUAGE_STANDARD = gnu11;
				GCC_NO_COMMON_BLOCKS = YES;
				GCC_WARN_64_TO_32_BIT_CONVERSION = YES;
				GCC_WARN_ABOUT_RETURN_TYPE = YES_ERROR;
				GCC_WARN_UNDECLARED_SELECTOR = YES;
				GCC_WARN_UNINITIALIZED_AUTOS = YES_AGGRESSIVE;
				GCC_WARN_UNUSED_FUNCTION = YES;
				GCC_WARN_UNUSED_VARIABLE = YES;
				IPHONEOS_DEPLOYMENT_TARGET = 13.0;
				MTL_ENABLE_DEBUG_INFO = NO;
				MTL_FAST_MATH = YES;
				SDKROOT = iphoneos;
				SWIFT_COMPILATION_MODE = wholemodule;
				SWIFT_OPTIMIZATION_LEVEL = "-O";
				VALIDATE_PRODUCT = YES;
			};
			name = Release;
		};
		6221559E232B79BA00DD4AB4 /* Debug */ = {
			isa = XCBuildConfiguration;
			baseConfigurationReference = ADC9E03ECD8878BFC17B9338 /* Pods-Shiori.debug.xcconfig */;
			buildSettings = {
				ALWAYS_EMBED_SWIFT_STANDARD_LIBRARIES = "$(inherited)";
				ASSETCATALOG_COMPILER_APPICON_NAME = AppIcon;
				CODE_SIGN_ENTITLEMENTS = Shiori/Shiori.entitlements;
				CODE_SIGN_STYLE = Automatic;
				CURRENT_PROJECT_VERSION = 1;
				DEVELOPMENT_TEAM = PMRC683Z7N;
				INFOPLIST_FILE = Shiori/Info.plist;
				LD_RUNPATH_SEARCH_PATHS = (
					"$(inherited)",
					"@executable_path/Frameworks",
				);
				MARKETING_VERSION = 2.1;
				PRODUCT_BUNDLE_IDENTIFIER = com.masatoraatarashi.Shiori;
				PRODUCT_NAME = "$(TARGET_NAME)";
				SWIFT_VERSION = 5.0;
				TARGETED_DEVICE_FAMILY = 1;
			};
			name = Debug;
		};
		6221559F232B79BA00DD4AB4 /* Release */ = {
			isa = XCBuildConfiguration;
			baseConfigurationReference = 18860B705E04B1046708118B /* Pods-Shiori.release.xcconfig */;
			buildSettings = {
				ALWAYS_EMBED_SWIFT_STANDARD_LIBRARIES = "$(inherited)";
				ASSETCATALOG_COMPILER_APPICON_NAME = AppIcon;
				CODE_SIGN_ENTITLEMENTS = Shiori/Shiori.entitlements;
				CODE_SIGN_STYLE = Automatic;
				CURRENT_PROJECT_VERSION = 1;
				DEVELOPMENT_TEAM = PMRC683Z7N;
				INFOPLIST_FILE = Shiori/Info.plist;
				LD_RUNPATH_SEARCH_PATHS = (
					"$(inherited)",
					"@executable_path/Frameworks",
				);
				MARKETING_VERSION = 2.1;
				PRODUCT_BUNDLE_IDENTIFIER = com.masatoraatarashi.Shiori;
				PRODUCT_NAME = "$(TARGET_NAME)";
				SWIFT_VERSION = 5.0;
				TARGETED_DEVICE_FAMILY = 1;
			};
			name = Release;
		};
		622155B0232B7A2F00DD4AB4 /* Debug */ = {
			isa = XCBuildConfiguration;
			baseConfigurationReference = 4E2125A016A96F842BA4EB81 /* Pods-Share.debug.xcconfig */;
			buildSettings = {
				CODE_SIGN_ENTITLEMENTS = Share/Share.entitlements;
				CODE_SIGN_STYLE = Automatic;
				CURRENT_PROJECT_VERSION = 1;
				DEVELOPMENT_TEAM = PMRC683Z7N;
				INFOPLIST_FILE = Share/Info.plist;
				LD_RUNPATH_SEARCH_PATHS = (
					"$(inherited)",
					"@executable_path/Frameworks",
					"@executable_path/../../Frameworks",
				);
				MARKETING_VERSION = 2.1;
				PRODUCT_BUNDLE_IDENTIFIER = com.masatoraatarashi.Shiori.Share;
				PRODUCT_NAME = "$(TARGET_NAME)";
				SKIP_INSTALL = YES;
				SWIFT_VERSION = 5.0;
				TARGETED_DEVICE_FAMILY = 1;
			};
			name = Debug;
		};
		622155B1232B7A2F00DD4AB4 /* Release */ = {
			isa = XCBuildConfiguration;
			baseConfigurationReference = 7E5478B8CD8CA0C6ECE6036A /* Pods-Share.release.xcconfig */;
			buildSettings = {
				CODE_SIGN_ENTITLEMENTS = Share/Share.entitlements;
				CODE_SIGN_STYLE = Automatic;
				CURRENT_PROJECT_VERSION = 1;
				DEVELOPMENT_TEAM = PMRC683Z7N;
				INFOPLIST_FILE = Share/Info.plist;
				LD_RUNPATH_SEARCH_PATHS = (
					"$(inherited)",
					"@executable_path/Frameworks",
					"@executable_path/../../Frameworks",
				);
				MARKETING_VERSION = 2.1;
				PRODUCT_BUNDLE_IDENTIFIER = com.masatoraatarashi.Shiori.Share;
				PRODUCT_NAME = "$(TARGET_NAME)";
				SKIP_INSTALL = YES;
				SWIFT_VERSION = 5.0;
				TARGETED_DEVICE_FAMILY = 1;
			};
			name = Release;
		};
/* End XCBuildConfiguration section */

/* Begin XCConfigurationList section */
		62215583232B79B900DD4AB4 /* Build configuration list for PBXProject "Shiori" */ = {
			isa = XCConfigurationList;
			buildConfigurations = (
				6221559B232B79BA00DD4AB4 /* Debug */,
				6221559C232B79BA00DD4AB4 /* Release */,
			);
			defaultConfigurationIsVisible = 0;
			defaultConfigurationName = Release;
		};
		6221559D232B79BA00DD4AB4 /* Build configuration list for PBXNativeTarget "Shiori" */ = {
			isa = XCConfigurationList;
			buildConfigurations = (
				6221559E232B79BA00DD4AB4 /* Debug */,
				6221559F232B79BA00DD4AB4 /* Release */,
			);
			defaultConfigurationIsVisible = 0;
			defaultConfigurationName = Release;
		};
		622155AF232B7A2F00DD4AB4 /* Build configuration list for PBXNativeTarget "Share" */ = {
			isa = XCConfigurationList;
			buildConfigurations = (
				622155B0232B7A2F00DD4AB4 /* Debug */,
				622155B1232B7A2F00DD4AB4 /* Release */,
			);
			defaultConfigurationIsVisible = 0;
			defaultConfigurationName = Release;
		};
/* End XCConfigurationList section */

/* Begin XCVersionGroup section */
		62215592232B79B900DD4AB4 /* Shiori.xcdatamodeld */ = {
			isa = XCVersionGroup;
			children = (
				62215593232B79B900DD4AB4 /* Shiori.xcdatamodel */,
			);
			currentVersion = 62215593232B79B900DD4AB4 /* Shiori.xcdatamodel */;
			path = Shiori.xcdatamodeld;
			sourceTree = "<group>";
			versionGroupType = wrapper.xcdatamodel;
		};
/* End XCVersionGroup section */
	};
	rootObject = 62215580232B79B900DD4AB4 /* Project object */;
}
